
Microsoft Visual Studio Solution File, Format Version 12.00
# Visual Studio Version 16
VisualStudioVersion = 16.0.30330.147
MinimumVisualStudioVersion = 10.0.40219.1
Project("{9A19103F-16F7-4668-BE54-9A1E7A4F7556}") = "SPAssistantBot", "SPAssistantBot\SPAssistantBot.csproj", "{4F2B7951-39B6-492C-8DBA-D613A9DE0BD7}"
EndProject
Project("{9A19103F-16F7-4668-BE54-9A1E7A4F7556}") = "SPAssistantBot.Services", "SPAssistantBot.Services\SPAssistantBot.Services.csproj", "{6658BE5D-A07F-4188-9C0B-4D2CC66F9F72}"
EndProject
Project("{9A19103F-16F7-4668-BE54-9A1E7A4F7556}") = "SPAssistantBot.Functions", "SPAssistantBot.Functions\SPAssistantBot.Functions.csproj", "{834A99A3-093D-492F-8BDE-9EF82CCB1F4D}"
EndProject
Project("{FAE04EC0-301F-11D3-BF4B-00C04F79EFBC}") = "SPAssistant.SPServices.Functions", "SPAssistant.SPServices.Functions\SPAssistant.SPServices.Functions.csproj", "{8CD53476-4A0B-4807-9EFE-4D35078BC1CB}"
EndProject
Global
	GlobalSection(SolutionConfigurationPlatforms) = preSolution
		Debug|Any CPU = Debug|Any CPU
		Release|Any CPU = Release|Any CPU
	EndGlobalSection
	GlobalSection(ProjectConfigurationPlatforms) = postSolution
		{4F2B7951-39B6-492C-8DBA-D613A9DE0BD7}.Debug|Any CPU.ActiveCfg = Debug|Any CPU
		{4F2B7951-39B6-492C-8DBA-D613A9DE0BD7}.Debug|Any CPU.Build.0 = Debug|Any CPU
		{4F2B7951-39B6-492C-8DBA-D613A9DE0BD7}.Release|Any CPU.ActiveCfg = Release|Any CPU
		{4F2B7951-39B6-492C-8DBA-D613A9DE0BD7}.Release|Any CPU.Build.0 = Release|Any CPU
		{6658BE5D-A07F-4188-9C0B-4D2CC66F9F72}.Debug|Any CPU.ActiveCfg = Debug|Any CPU
		{6658BE5D-A07F-4188-9C0B-4D2CC66F9F72}.Debug|Any CPU.Build.0 = Debug|Any CPU
		{6658BE5D-A07F-4188-9C0B-4D2CC66F9F72}.Release|Any CPU.ActiveCfg = Release|Any CPU
		{6658BE5D-A07F-4188-9C0B-4D2CC66F9F72}.Release|Any CPU.Build.0 = Release|Any CPU
		{834A99A3-093D-492F-8BDE-9EF82CCB1F4D}.Debug|Any CPU.ActiveCfg = Debug|Any CPU
		{834A99A3-093D-492F-8BDE-9EF82CCB1F4D}.Debug|Any CPU.Build.0 = Debug|Any CPU
		{834A99A3-093D-492F-8BDE-9EF82CCB1F4D}.Release|Any CPU.ActiveCfg = Release|Any CPU
		{834A99A3-093D-492F-8BDE-9EF82CCB1F4D}.Release|Any CPU.Build.0 = Release|Any CPU
		{8CD53476-4A0B-4807-9EFE-4D35078BC1CB}.Debug|Any CPU.ActiveCfg = Debug|Any CPU
		{8CD53476-4A0B-4807-9EFE-4D35078BC1CB}.Debug|Any CPU.Build.0 = Debug|Any CPU
		{8CD53476-4A0B-4807-9EFE-4D35078BC1CB}.Release|Any CPU.ActiveCfg = Release|Any CPU
		{8CD53476-4A0B-4807-9EFE-4D35078BC1CB}.Release|Any CPU.Build.0 = Release|Any CPU
	EndGlobalSection
	GlobalSection(SolutionProperties) = preSolution
		HideSolutionNode = FALSE
	EndGlobalSection
	GlobalSection(ExtensibilityGlobals) = postSolution
		SolutionGuid = {76D01D31-F1A0-419C-8493-B3EB3AF3DD12}
	EndGlobalSection
EndGlobal
